// !$*UTF8*$!
{
	archiveVersion = 1;
	classes = {
	};
	objectVersion = 46;
	objects = {

/* Begin PBXBuildFile section */
		712E11041340F1C300698278 /* UIKit.framework in Frameworks */ = {isa = PBXBuildFile; fileRef = 712E11031340F1C300698278 /* UIKit.framework */; };
		712E11061340F1C300698278 /* Foundation.framework in Frameworks */ = {isa = PBXBuildFile; fileRef = 712E11051340F1C300698278 /* Foundation.framework */; };
		712E11081340F1C300698278 /* CoreGraphics.framework in Frameworks */ = {isa = PBXBuildFile; fileRef = 712E11071340F1C300698278 /* CoreGraphics.framework */; };
		712E110A1340F1C300698278 /* CoreData.framework in Frameworks */ = {isa = PBXBuildFile; fileRef = 712E11091340F1C300698278 /* CoreData.framework */; };
		712E11101340F1C300698278 /* InfoPlist.strings in Resources */ = {isa = PBXBuildFile; fileRef = 712E110E1340F1C300698278 /* InfoPlist.strings */; };
		712E11131340F1C300698278 /* main.m in Sources */ = {isa = PBXBuildFile; fileRef = 712E11121340F1C300698278 /* main.m */; };
		712E11161340F1C300698278 /* QC_Base_ExampleAppDelegate.m in Sources */ = {isa = PBXBuildFile; fileRef = 712E11151340F1C300698278 /* QC_Base_ExampleAppDelegate.m */; };
		712E11191340F1C300698278 /* MainWindow.xib in Resources */ = {isa = PBXBuildFile; fileRef = 712E11171340F1C300698278 /* MainWindow.xib */; };
		712E111C1340F1C300698278 /* QC_Base_Example.xcdatamodeld in Sources */ = {isa = PBXBuildFile; fileRef = 712E111A1340F1C300698278 /* QC_Base_Example.xcdatamodeld */; };
		712E11291340F48E00698278 /* User.m in Sources */ = {isa = PBXBuildFile; fileRef = 712E11281340F48D00698278 /* User.m */; };
		712E113E1340F4F600698278 /* checkNameValCO.m in Sources */ = {isa = PBXBuildFile; fileRef = 712E112B1340F4F600698278 /* checkNameValCO.m */; };
		712E113F1340F4F600698278 /* AddUserBCO.m in Sources */ = {isa = PBXBuildFile; fileRef = 712E112D1340F4F600698278 /* AddUserBCO.m */; };
		712E11401340F4F600698278 /* ShowSuccessVCO.m in Sources */ = {isa = PBXBuildFile; fileRef = 712E112F1340F4F600698278 /* ShowSuccessVCO.m */; };
		712E11411340F4F600698278 /* GetUsersBCO.m in Sources */ = {isa = PBXBuildFile; fileRef = 712E11311340F4F600698278 /* GetUsersBCO.m */; };
		712E11421340F4F600698278 /* ListUsersVCO.m in Sources */ = {isa = PBXBuildFile; fileRef = 712E11331340F4F600698278 /* ListUsersVCO.m */; };
		712E11431340F4F600698278 /* UrlCheckValCO.m in Sources */ = {isa = PBXBuildFile; fileRef = 712E11351340F4F600698278 /* UrlCheckValCO.m */; };
		712E11441340F4F600698278 /* GetRequestBCO.m in Sources */ = {isa = PBXBuildFile; fileRef = 712E11371340F4F600698278 /* GetRequestBCO.m */; };
		712E11451340F4F600698278 /* DisplayHtmlVCO.m in Sources */ = {isa = PBXBuildFile; fileRef = 712E11391340F4F600698278 /* DisplayHtmlVCO.m */; };
		712E11461340F4F600698278 /* GenericECO.m in Sources */ = {isa = PBXBuildFile; fileRef = 712E113B1340F4F600698278 /* GenericECO.m */; };
		712E11471340F4F600698278 /* MissingValueECO.m in Sources */ = {isa = PBXBuildFile; fileRef = 712E113D1340F4F600698278 /* MissingValueECO.m */; };
		71A41ADA1341024700AE350C /* About.txt in Resources */ = {isa = PBXBuildFile; fileRef = 71A41AD91341024700AE350C /* About.txt */; };
		9BF0F99E13FA16A500F324AE /* qc_native.a in Frameworks */ = {isa = PBXBuildFile; fileRef = 9BF0F99D13FA16A500F324AE /* qc_native.a */; };
/* End PBXBuildFile section */

/* Begin PBXFileReference section */
		712E10FF1340F1C300698278 /* QC Base Example.app */ = {isa = PBXFileReference; explicitFileType = wrapper.application; includeInIndex = 0; path = "QC Base Example.app"; sourceTree = BUILT_PRODUCTS_DIR; };
		712E11031340F1C300698278 /* UIKit.framework */ = {isa = PBXFileReference; lastKnownFileType = wrapper.framework; name = UIKit.framework; path = System/Library/Frameworks/UIKit.framework; sourceTree = SDKROOT; };
		712E11051340F1C300698278 /* Foundation.framework */ = {isa = PBXFileReference; lastKnownFileType = wrapper.framework; name = Foundation.framework; path = System/Library/Frameworks/Foundation.framework; sourceTree = SDKROOT; };
		712E11071340F1C300698278 /* CoreGraphics.framework */ = {isa = PBXFileReference; lastKnownFileType = wrapper.framework; name = CoreGraphics.framework; path = System/Library/Frameworks/CoreGraphics.framework; sourceTree = SDKROOT; };
		712E11091340F1C300698278 /* CoreData.framework */ = {isa = PBXFileReference; lastKnownFileType = wrapper.framework; name = CoreData.framework; path = System/Library/Frameworks/CoreData.framework; sourceTree = SDKROOT; };
		712E110D1340F1C300698278 /* QC Base Example-Info.plist */ = {isa = PBXFileReference; lastKnownFileType = text.plist.xml; path = "QC Base Example-Info.plist"; sourceTree = "<group>"; };
		712E110F1340F1C300698278 /* en */ = {isa = PBXFileReference; lastKnownFileType = text.plist.strings; name = en; path = en.lproj/InfoPlist.strings; sourceTree = "<group>"; };
		712E11111340F1C300698278 /* QC Base Example-Prefix.pch */ = {isa = PBXFileReference; lastKnownFileType = sourcecode.c.h; path = "QC Base Example-Prefix.pch"; sourceTree = "<group>"; };
		712E11121340F1C300698278 /* main.m */ = {isa = PBXFileReference; lastKnownFileType = sourcecode.c.objc; path = main.m; sourceTree = "<group>"; };
		712E11141340F1C300698278 /* QC_Base_ExampleAppDelegate.h */ = {isa = PBXFileReference; lastKnownFileType = sourcecode.c.h; path = QC_Base_ExampleAppDelegate.h; sourceTree = "<group>"; };
		712E11151340F1C300698278 /* QC_Base_ExampleAppDelegate.m */ = {isa = PBXFileReference; lastKnownFileType = sourcecode.c.objc; path = QC_Base_ExampleAppDelegate.m; sourceTree = "<group>"; };
		712E11181340F1C300698278 /* en */ = {isa = PBXFileReference; lastKnownFileType = file.xib; name = en; path = en.lproj/MainWindow.xib; sourceTree = "<group>"; };
		712E111B1340F1C300698278 /* QC_Base_Example.xcdatamodel */ = {isa = PBXFileReference; lastKnownFileType = wrapper.xcdatamodel; path = QC_Base_Example.xcdatamodel; sourceTree = "<group>"; };
		712E11271340F48D00698278 /* User.h */ = {isa = PBXFileReference; fileEncoding = 4; lastKnownFileType = sourcecode.c.h; path = User.h; sourceTree = "<group>"; };
		712E11281340F48D00698278 /* User.m */ = {isa = PBXFileReference; fileEncoding = 4; lastKnownFileType = sourcecode.c.objc; path = User.m; sourceTree = "<group>"; };
		712E112A1340F4F600698278 /* checkNameValCO.h */ = {isa = PBXFileReference; fileEncoding = 4; lastKnownFileType = sourcecode.c.h; path = checkNameValCO.h; sourceTree = "<group>"; };
		712E112B1340F4F600698278 /* checkNameValCO.m */ = {isa = PBXFileReference; fileEncoding = 4; lastKnownFileType = sourcecode.c.objc; path = checkNameValCO.m; sourceTree = "<group>"; };
		712E112C1340F4F600698278 /* AddUserBCO.h */ = {isa = PBXFileReference; fileEncoding = 4; lastKnownFileType = sourcecode.c.h; path = AddUserBCO.h; sourceTree = "<group>"; };
		712E112D1340F4F600698278 /* AddUserBCO.m */ = {isa = PBXFileReference; fileEncoding = 4; lastKnownFileType = sourcecode.c.objc; path = AddUserBCO.m; sourceTree = "<group>"; };
		712E112E1340F4F600698278 /* ShowSuccessVCO.h */ = {isa = PBXFileReference; fileEncoding = 4; lastKnownFileType = sourcecode.c.h; path = ShowSuccessVCO.h; sourceTree = "<group>"; };
		712E112F1340F4F600698278 /* ShowSuccessVCO.m */ = {isa = PBXFileReference; fileEncoding = 4; lastKnownFileType = sourcecode.c.objc; path = ShowSuccessVCO.m; sourceTree = "<group>"; };
		712E11301340F4F600698278 /* GetUsersBCO.h */ = {isa = PBXFileReference; fileEncoding = 4; lastKnownFileType = sourcecode.c.h; path = GetUsersBCO.h; sourceTree = "<group>"; };
		712E11311340F4F600698278 /* GetUsersBCO.m */ = {isa = PBXFileReference; fileEncoding = 4; lastKnownFileType = sourcecode.c.objc; path = GetUsersBCO.m; sourceTree = "<group>"; };
		712E11321340F4F600698278 /* ListUsersVCO.h */ = {isa = PBXFileReference; fileEncoding = 4; lastKnownFileType = sourcecode.c.h; path = ListUsersVCO.h; sourceTree = "<group>"; };
		712E11331340F4F600698278 /* ListUsersVCO.m */ = {isa = PBXFileReference; fileEncoding = 4; lastKnownFileType = sourcecode.c.objc; path = ListUsersVCO.m; sourceTree = "<group>"; };
		712E11341340F4F600698278 /* UrlCheckValCO.h */ = {isa = PBXFileReference; fileEncoding = 4; lastKnownFileType = sourcecode.c.h; path = UrlCheckValCO.h; sourceTree = "<group>"; };
		712E11351340F4F600698278 /* UrlCheckValCO.m */ = {isa = PBXFileReference; fileEncoding = 4; lastKnownFileType = sourcecode.c.objc; path = UrlCheckValCO.m; sourceTree = "<group>"; };
		712E11361340F4F600698278 /* GetRequestBCO.h */ = {isa = PBXFileReference; fileEncoding = 4; lastKnownFileType = sourcecode.c.h; path = GetRequestBCO.h; sourceTree = "<group>"; };
		712E11371340F4F600698278 /* GetRequestBCO.m */ = {isa = PBXFileReference; fileEncoding = 4; lastKnownFileType = sourcecode.c.objc; path = GetRequestBCO.m; sourceTree = "<group>"; };
		712E11381340F4F600698278 /* DisplayHtmlVCO.h */ = {isa = PBXFileReference; fileEncoding = 4; lastKnownFileType = sourcecode.c.h; path = DisplayHtmlVCO.h; sourceTree = "<group>"; };
		712E11391340F4F600698278 /* DisplayHtmlVCO.m */ = {isa = PBXFileReference; fileEncoding = 4; lastKnownFileType = sourcecode.c.objc; path = DisplayHtmlVCO.m; sourceTree = "<group>"; };
		712E113A1340F4F600698278 /* GenericECO.h */ = {isa = PBXFileReference; fileEncoding = 4; lastKnownFileType = sourcecode.c.h; path = GenericECO.h; sourceTree = "<group>"; };
		712E113B1340F4F600698278 /* GenericECO.m */ = {isa = PBXFileReference; fileEncoding = 4; lastKnownFileType = sourcecode.c.objc; path = GenericECO.m; sourceTree = "<group>"; };
		712E113C1340F4F600698278 /* MissingValueECO.h */ = {isa = PBXFileReference; fileEncoding = 4; lastKnownFileType = sourcecode.c.h; path = MissingValueECO.h; sourceTree = "<group>"; };
		712E113D1340F4F600698278 /* MissingValueECO.m */ = {isa = PBXFileReference; fileEncoding = 4; lastKnownFileType = sourcecode.c.objc; path = MissingValueECO.m; sourceTree = "<group>"; };
		71A41AD91341024700AE350C /* About.txt */ = {isa = PBXFileReference; fileEncoding = 4; lastKnownFileType = text; path = About.txt; sourceTree = "<group>"; };
		9BF0F99D13FA16A500F324AE /* qc_native.a */ = {isa = PBXFileReference; lastKnownFileType = archive.ar; path = qc_native.a; sourceTree = "<group>"; };
		9BF0F99F13FA16CA00F324AE /* QCControlObject.h */ = {isa = PBXFileReference; fileEncoding = 4; lastKnownFileType = sourcecode.c.h; path = QCControlObject.h; sourceTree = "<group>"; };
		9BF0F9A013FA16CA00F324AE /* QuickConnect.h */ = {isa = PBXFileReference; fileEncoding = 4; lastKnownFileType = sourcecode.c.h; path = QuickConnect.h; sourceTree = "<group>"; };
/* End PBXFileReference section */

/* Begin PBXFrameworksBuildPhase section */
		712E10FC1340F1C300698278 /* Frameworks */ = {
			isa = PBXFrameworksBuildPhase;
			buildActionMask = 2147483647;
			files = (
				712E11041340F1C300698278 /* UIKit.framework in Frameworks */,
				712E11061340F1C300698278 /* Foundation.framework in Frameworks */,
				712E11081340F1C300698278 /* CoreGraphics.framework in Frameworks */,
				712E110A1340F1C300698278 /* CoreData.framework in Frameworks */,
				9BF0F99E13FA16A500F324AE /* qc_native.a in Frameworks */,
			);
			runOnlyForDeploymentPostprocessing = 0;
		};
/* End PBXFrameworksBuildPhase section */

/* Begin PBXGroup section */
		712E10F41340F1C300698278 = {
			isa = PBXGroup;
			children = (
				71A41AD91341024700AE350C /* About.txt */,
				712E110B1340F1C300698278 /* QC Base Example */,
				712E11021340F1C300698278 /* Frameworks */,
				712E11001340F1C300698278 /* Products */,
			);
			sourceTree = "<group>";
		};
		712E11001340F1C300698278 /* Products */ = {
			isa = PBXGroup;
			children = (
				712E10FF1340F1C300698278 /* QC Base Example.app */,
			);
			name = Products;
			sourceTree = "<group>";
		};
		712E11021340F1C300698278 /* Frameworks */ = {
			isa = PBXGroup;
			children = (
				712E11031340F1C300698278 /* UIKit.framework */,
				712E11051340F1C300698278 /* Foundation.framework */,
				712E11071340F1C300698278 /* CoreGraphics.framework */,
				712E11091340F1C300698278 /* CoreData.framework */,
			);
			name = Frameworks;
			sourceTree = "<group>";
		};
		712E110B1340F1C300698278 /* QC Base Example */ = {
			isa = PBXGroup;
			children = (
				712E114A1340F52500698278 /* CoreData Objects */,
				712E11491340F50D00698278 /* Control Objects */,
				712E11141340F1C300698278 /* QC_Base_ExampleAppDelegate.h */,
				712E11151340F1C300698278 /* QC_Base_ExampleAppDelegate.m */,
				712E11171340F1C300698278 /* MainWindow.xib */,
				712E111A1340F1C300698278 /* QC_Base_Example.xcdatamodeld */,
				712E110C1340F1C300698278 /* Supporting Files */,
			);
			path = "QC Base Example";
			sourceTree = "<group>";
		};
		712E110C1340F1C300698278 /* Supporting Files */ = {
			isa = PBXGroup;
			children = (
				9BF0F99F13FA16CA00F324AE /* QCControlObject.h */,
				9BF0F9A013FA16CA00F324AE /* QuickConnect.h */,
				9BF0F99D13FA16A500F324AE /* qc_native.a */,
				712E110D1340F1C300698278 /* QC Base Example-Info.plist */,
				712E110E1340F1C300698278 /* InfoPlist.strings */,
				712E11111340F1C300698278 /* QC Base Example-Prefix.pch */,
				712E11121340F1C300698278 /* main.m */,
			);
			name = "Supporting Files";
			sourceTree = "<group>";
		};
		712E11491340F50D00698278 /* Control Objects */ = {
			isa = PBXGroup;
			children = (
				712E112A1340F4F600698278 /* checkNameValCO.h */,
				712E112B1340F4F600698278 /* checkNameValCO.m */,
				712E112C1340F4F600698278 /* AddUserBCO.h */,
				712E112D1340F4F600698278 /* AddUserBCO.m */,
				712E112E1340F4F600698278 /* ShowSuccessVCO.h */,
				712E112F1340F4F600698278 /* ShowSuccessVCO.m */,
				712E11301340F4F600698278 /* GetUsersBCO.h */,
				712E11311340F4F600698278 /* GetUsersBCO.m */,
				712E11321340F4F600698278 /* ListUsersVCO.h */,
				712E11331340F4F600698278 /* ListUsersVCO.m */,
				712E11341340F4F600698278 /* UrlCheckValCO.h */,
				712E11351340F4F600698278 /* UrlCheckValCO.m */,
				712E11361340F4F600698278 /* GetRequestBCO.h */,
				712E11371340F4F600698278 /* GetRequestBCO.m */,
				712E11381340F4F600698278 /* DisplayHtmlVCO.h */,
				712E11391340F4F600698278 /* DisplayHtmlVCO.m */,
				712E113A1340F4F600698278 /* GenericECO.h */,
				712E113B1340F4F600698278 /* GenericECO.m */,
				712E113C1340F4F600698278 /* MissingValueECO.h */,
				712E113D1340F4F600698278 /* MissingValueECO.m */,
			);
			name = "Control Objects";
			sourceTree = "<group>";
		};
		712E114A1340F52500698278 /* CoreData Objects */ = {
			isa = PBXGroup;
			children = (
				712E11271340F48D00698278 /* User.h */,
				712E11281340F48D00698278 /* User.m */,
			);
			name = "CoreData Objects";
			path = ..;
			sourceTree = "<group>";
		};
/* End PBXGroup section */

/* Begin PBXNativeTarget section */
		712E10FE1340F1C300698278 /* QC Base Example */ = {
			isa = PBXNativeTarget;
			buildConfigurationList = 712E111F1340F1C300698278 /* Build configuration list for PBXNativeTarget "QC Base Example" */;
			buildPhases = (
				712E10FB1340F1C300698278 /* Sources */,
				712E10FC1340F1C300698278 /* Frameworks */,
				712E10FD1340F1C300698278 /* Resources */,
			);
			buildRules = (
			);
			dependencies = (
			);
			name = "QC Base Example";
			productName = "QC Base Example";
			productReference = 712E10FF1340F1C300698278 /* QC Base Example.app */;
			productType = "com.apple.product-type.application";
		};
/* End PBXNativeTarget section */

/* Begin PBXProject section */
		712E10F61340F1C300698278 /* Project object */ = {
			isa = PBXProject;
			buildConfigurationList = 712E10F91340F1C300698278 /* Build configuration list for PBXProject "QC Base Example" */;
			compatibilityVersion = "Xcode 3.2";
			developmentRegion = English;
			hasScannedForEncodings = 0;
			knownRegions = (
				en,
			);
			mainGroup = 712E10F41340F1C300698278;
			productRefGroup = 712E11001340F1C300698278 /* Products */;
			projectDirPath = "";
			projectRoot = "";
			targets = (
				712E10FE1340F1C300698278 /* QC Base Example */,
			);
		};
/* End PBXProject section */

/* Begin PBXResourcesBuildPhase section */
		712E10FD1340F1C300698278 /* Resources */ = {
			isa = PBXResourcesBuildPhase;
			buildActionMask = 2147483647;
			files = (
				712E11101340F1C300698278 /* InfoPlist.strings in Resources */,
				712E11191340F1C300698278 /* MainWindow.xib in Resources */,
				71A41ADA1341024700AE350C /* About.txt in Resources */,
			);
			runOnlyForDeploymentPostprocessing = 0;
		};
/* End PBXResourcesBuildPhase section */

/* Begin PBXSourcesBuildPhase section */
		712E10FB1340F1C300698278 /* Sources */ = {
			isa = PBXSourcesBuildPhase;
			buildActionMask = 2147483647;
			files = (
				712E11131340F1C300698278 /* main.m in Sources */,
				712E11161340F1C300698278 /* QC_Base_ExampleAppDelegate.m in Sources */,
				712E111C1340F1C300698278 /* QC_Base_Example.xcdatamodeld in Sources */,
				712E11291340F48E00698278 /* User.m in Sources */,
				712E113E1340F4F600698278 /* checkNameValCO.m in Sources */,
				712E113F1340F4F600698278 /* AddUserBCO.m in Sources */,
				712E11401340F4F600698278 /* ShowSuccessVCO.m in Sources */,
				712E11411340F4F600698278 /* GetUsersBCO.m in Sources */,
				712E11421340F4F600698278 /* ListUsersVCO.m in Sources */,
				712E11431340F4F600698278 /* UrlCheckValCO.m in Sources */,
				712E11441340F4F600698278 /* GetRequestBCO.m in Sources */,
				712E11451340F4F600698278 /* DisplayHtmlVCO.m in Sources */,
				712E11461340F4F600698278 /* GenericECO.m in Sources */,
				712E11471340F4F600698278 /* MissingValueECO.m in Sources */,
			);
			runOnlyForDeploymentPostprocessing = 0;
		};
/* End PBXSourcesBuildPhase section */

/* Begin PBXVariantGroup section */
		712E110E1340F1C300698278 /* InfoPlist.strings */ = {
			isa = PBXVariantGroup;
			children = (
				712E110F1340F1C300698278 /* en */,
			);
			name = InfoPlist.strings;
			sourceTree = "<group>";
		};
		712E11171340F1C300698278 /* MainWindow.xib */ = {
			isa = PBXVariantGroup;
			children = (
				712E11181340F1C300698278 /* en */,
			);
			name = MainWindow.xib;
			sourceTree = "<group>";
		};
/* End PBXVariantGroup section */

/* Begin XCBuildConfiguration section */
		712E111D1340F1C300698278 /* Debug */ = {
			isa = XCBuildConfiguration;
			buildSettings = {
				ARCHS = "$(ARCHS_UNIVERSAL_IPHONE_OS)";
				"CODE_SIGN_IDENTITY[sdk=iphoneos*]" = "iPhone Developer";
				GCC_C_LANGUAGE_STANDARD = gnu99;
				GCC_OPTIMIZATION_LEVEL = 0;
				GCC_PREPROCESSOR_DEFINITIONS = DEBUG;
				GCC_SYMBOLS_PRIVATE_EXTERN = NO;
				GCC_VERSION = com.apple.compilers.llvmgcc42;
				GCC_WARN_ABOUT_RETURN_TYPE = YES;
				GCC_WARN_UNUSED_VARIABLE = YES;
				IPHONEOS_DEPLOYMENT_TARGET = 4.3;
				SDKROOT = iphoneos;
				TARGETED_DEVICE_FAMILY = 2;
			};
			name = Debug;
		};
		712E111E1340F1C300698278 /* Release */ = {
			isa = XCBuildConfiguration;
			buildSettings = {
				ARCHS = "$(ARCHS_UNIVERSAL_IPHONE_OS)";
				"CODE_SIGN_IDENTITY[sdk=iphoneos*]" = "iPhone Developer";
				GCC_C_LANGUAGE_STANDARD = gnu99;
				GCC_VERSION = com.apple.compilers.llvmgcc42;
				GCC_WARN_ABOUT_RETURN_TYPE = YES;
				GCC_WARN_UNUSED_VARIABLE = YES;
				IPHONEOS_DEPLOYMENT_TARGET = 4.3;
				OTHER_CFLAGS = "-DNS_BLOCK_ASSERTIONS=1";
				SDKROOT = iphoneos;
				TARGETED_DEVICE_FAMILY = 2;
			};
			name = Release;
		};
		712E11201340F1C300698278 /* Debug */ = {
			isa = XCBuildConfiguration;
			buildSettings = {
				ALWAYS_SEARCH_USER_PATHS = NO;
				COPY_PHASE_STRIP = NO;
				GCC_DYNAMIC_NO_PIC = NO;
				GCC_PRECOMPILE_PREFIX_HEADER = YES;
				GCC_PREFIX_HEADER = "QC Base Example/QC Base Example-Prefix.pch";
				INFOPLIST_FILE = "QC Base Example/QC Base Example-Info.plist";
				LIBRARY_SEARCH_PATHS = (
					"$(inherited)",
					"\"$(SRCROOT)/QC Base Example\"",
				);
				PRODUCT_NAME = "$(TARGET_NAME)";
				WRAPPER_EXTENSION = app;
			};
			name = Debug;
		};
		712E11211340F1C300698278 /* Release */ = {
			isa = XCBuildConfiguration;
			buildSettings = {
				ALWAYS_SEARCH_USER_PATHS = NO;
				COPY_PHASE_STRIP = YES;
				GCC_PRECOMPILE_PREFIX_HEADER = YES;
				GCC_PREFIX_HEADER = "QC Base Example/QC Base Example-Prefix.pch";
				INFOPLIST_FILE = "QC Base Example/QC Base Example-Info.plist";
				LIBRARY_SEARCH_PATHS = (
					"$(inherited)",
					"\"$(SRCROOT)/QC Base Example\"",
				);
				PRODUCT_NAME = "$(TARGET_NAME)";
				VALIDATE_PRODUCT = YES;
				WRAPPER_EXTENSION = app;
			};
			name = Release;
		};
/* End XCBuildConfiguration section */

/* Begin XCConfigurationList section */
		712E10F91340F1C300698278 /* Build configuration list for PBXProject "QC Base Example" */ = {
			isa = XCConfigurationList;
			buildConfigurations = (
				712E111D1340F1C300698278 /* Debug */,
				712E111E1340F1C300698278 /* Release */,
			);
			defaultConfigurationIsVisible = 0;
			defaultConfigurationName = Release;
		};
		712E111F1340F1C300698278 /* Build configuration list for PBXNativeTarget "QC Base Example" */ = {
			isa = XCConfigurationList;
			buildConfigurations = (
				712E11201340F1C300698278 /* Debug */,
				712E11211340F1C300698278 /* Release */,
			);
			defaultConfigurationIsVisible = 0;
			defaultConfigurationName = Release;
		};
/* End XCConfigurationList section */

/* Begin XCVersionGroup section */
		712E111A1340F1C300698278 /* QC_Base_Example.xcdatamodeld */ = {
			isa = XCVersionGroup;
			children = (
				712E111B1340F1C300698278 /* QC_Base_Example.xcdatamodel */,
			);
			currentVersion = 712E111B1340F1C300698278 /* QC_Base_Example.xcdatamodel */;
			path = QC_Base_Example.xcdatamodeld;
			sourceTree = "<group>";
			versionGroupType = wrapper.xcdatamodel;
		};
/* End XCVersionGroup section */
	};
	rootObject = 712E10F61340F1C300698278 /* Project object */;
}
