// !$*UTF8*$!
{
	archiveVersion = 1;
	classes = {
	};
	objectVersion = 46;
	objects = {

/* Begin PBXBuildFile section */
		71BB179B132FBD98006D5060 /* Foundation.framework in Frameworks */ = {isa = PBXBuildFile; fileRef = 71BB179A132FBD98006D5060 /* Foundation.framework */; };
		71BB17EC132FBE24006D5060 /* QCControlObject.h in Headers */ = {isa = PBXBuildFile; fileRef = 71BB17E4132FBE24006D5060 /* QCControlObject.h */; };
		71BB17ED132FBE24006D5060 /* QCControlObject.m in Sources */ = {isa = PBXBuildFile; fileRef = 71BB17E5132FBE24006D5060 /* QCControlObject.m */; };
		71BB17EE132FBE24006D5060 /* QCMapper.h in Headers */ = {isa = PBXBuildFile; fileRef = 71BB17E6132FBE24006D5060 /* QCMapper.h */; };
		71BB17EF132FBE24006D5060 /* QCMapper.m in Sources */ = {isa = PBXBuildFile; fileRef = 71BB17E7132FBE24006D5060 /* QCMapper.m */; };
		71BB17F0132FBE24006D5060 /* QCRequestHandler.h in Headers */ = {isa = PBXBuildFile; fileRef = 71BB17E8132FBE24006D5060 /* QCRequestHandler.h */; };
		71BB17F1132FBE24006D5060 /* QCRequestHandler.m in Sources */ = {isa = PBXBuildFile; fileRef = 71BB17E9132FBE24006D5060 /* QCRequestHandler.m */; };
		71BB17F2132FBE24006D5060 /* QuickConnect.h in Headers */ = {isa = PBXBuildFile; fileRef = 71BB17EA132FBE24006D5060 /* QuickConnect.h */; };
		71BB17F3132FBE24006D5060 /* QuickConnect.m in Sources */ = {isa = PBXBuildFile; fileRef = 71BB17EB132FBE24006D5060 /* QuickConnect.m */; };
		9BC9C5971608CF6000B30592 /* StackWaitMonitor.h in Headers */ = {isa = PBXBuildFile; fileRef = 9BC9C5951608CF6000B30592 /* StackWaitMonitor.h */; };
		9BC9C5981608CF6000B30592 /* StackWaitMonitor.m in Sources */ = {isa = PBXBuildFile; fileRef = 9BC9C5961608CF6000B30592 /* StackWaitMonitor.m */; };
/* End PBXBuildFile section */

/* Begin PBXFileReference section */
		71BB1797132FBD98006D5060 /* libQC Base.a */ = {isa = PBXFileReference; explicitFileType = archive.ar; includeInIndex = 0; path = "libQC Base.a"; sourceTree = BUILT_PRODUCTS_DIR; };
		71BB179A132FBD98006D5060 /* Foundation.framework */ = {isa = PBXFileReference; lastKnownFileType = wrapper.framework; name = Foundation.framework; path = System/Library/Frameworks/Foundation.framework; sourceTree = SDKROOT; };
		71BB179E132FBD98006D5060 /* QC Base-Prefix.pch */ = {isa = PBXFileReference; lastKnownFileType = sourcecode.c.h; path = "QC Base-Prefix.pch"; sourceTree = "<group>"; };
		71BB17E4132FBE24006D5060 /* QCControlObject.h */ = {isa = PBXFileReference; fileEncoding = 4; lastKnownFileType = sourcecode.c.h; path = QCControlObject.h; sourceTree = "<group>"; };
		71BB17E5132FBE24006D5060 /* QCControlObject.m */ = {isa = PBXFileReference; fileEncoding = 4; lastKnownFileType = sourcecode.c.objc; path = QCControlObject.m; sourceTree = "<group>"; };
		71BB17E6132FBE24006D5060 /* QCMapper.h */ = {isa = PBXFileReference; fileEncoding = 4; lastKnownFileType = sourcecode.c.h; path = QCMapper.h; sourceTree = "<group>"; };
		71BB17E7132FBE24006D5060 /* QCMapper.m */ = {isa = PBXFileReference; fileEncoding = 4; lastKnownFileType = sourcecode.c.objc; path = QCMapper.m; sourceTree = "<group>"; };
		71BB17E8132FBE24006D5060 /* QCRequestHandler.h */ = {isa = PBXFileReference; fileEncoding = 4; lastKnownFileType = sourcecode.c.h; path = QCRequestHandler.h; sourceTree = "<group>"; };
		71BB17E9132FBE24006D5060 /* QCRequestHandler.m */ = {isa = PBXFileReference; fileEncoding = 4; lastKnownFileType = sourcecode.c.objc; path = QCRequestHandler.m; sourceTree = "<group>"; };
		71BB17EA132FBE24006D5060 /* QuickConnect.h */ = {isa = PBXFileReference; fileEncoding = 4; lastKnownFileType = sourcecode.c.h; path = QuickConnect.h; sourceTree = "<group>"; };
		71BB17EB132FBE24006D5060 /* QuickConnect.m */ = {isa = PBXFileReference; fileEncoding = 4; lastKnownFileType = sourcecode.c.objc; path = QuickConnect.m; sourceTree = "<group>"; };
		9BC9C5931608CD2200B30592 /* QCReturnValues.h */ = {isa = PBXFileReference; lastKnownFileType = sourcecode.c.h; path = QCReturnValues.h; sourceTree = "<group>"; };
		9BC9C5951608CF6000B30592 /* StackWaitMonitor.h */ = {isa = PBXFileReference; fileEncoding = 4; lastKnownFileType = sourcecode.c.h; path = StackWaitMonitor.h; sourceTree = "<group>"; };
		9BC9C5961608CF6000B30592 /* StackWaitMonitor.m */ = {isa = PBXFileReference; fileEncoding = 4; lastKnownFileType = sourcecode.c.objc; path = StackWaitMonitor.m; sourceTree = "<group>"; };
/* End PBXFileReference section */

/* Begin PBXFrameworksBuildPhase section */
		71BB1794132FBD98006D5060 /* Frameworks */ = {
			isa = PBXFrameworksBuildPhase;
			buildActionMask = 2147483647;
			files = (
				71BB179B132FBD98006D5060 /* Foundation.framework in Frameworks */,
			);
			runOnlyForDeploymentPostprocessing = 0;
		};
/* End PBXFrameworksBuildPhase section */

/* Begin PBXGroup section */
		71BB178C132FBD98006D5060 = {
			isa = PBXGroup;
			children = (
				71BB179C132FBD98006D5060 /* QC Base */,
				71BB1799132FBD98006D5060 /* Frameworks */,
				71BB1798132FBD98006D5060 /* Products */,
			);
			sourceTree = "<group>";
		};
		71BB1798132FBD98006D5060 /* Products */ = {
			isa = PBXGroup;
			children = (
				71BB1797132FBD98006D5060 /* libQC Base.a */,
			);
			name = Products;
			sourceTree = "<group>";
		};
		71BB1799132FBD98006D5060 /* Frameworks */ = {
			isa = PBXGroup;
			children = (
				71BB179A132FBD98006D5060 /* Foundation.framework */,
			);
			name = Frameworks;
			sourceTree = "<group>";
		};
		71BB179C132FBD98006D5060 /* QC Base */ = {
			isa = PBXGroup;
			children = (
				71BB17E4132FBE24006D5060 /* QCControlObject.h */,
				71BB17E5132FBE24006D5060 /* QCControlObject.m */,
				71BB17E6132FBE24006D5060 /* QCMapper.h */,
				71BB17E7132FBE24006D5060 /* QCMapper.m */,
				71BB17E8132FBE24006D5060 /* QCRequestHandler.h */,
				71BB17E9132FBE24006D5060 /* QCRequestHandler.m */,
				71BB17EA132FBE24006D5060 /* QuickConnect.h */,
				71BB17EB132FBE24006D5060 /* QuickConnect.m */,
				71BB179D132FBD98006D5060 /* Supporting Files */,
				9BC9C5931608CD2200B30592 /* QCReturnValues.h */,
				9BC9C5951608CF6000B30592 /* StackWaitMonitor.h */,
				9BC9C5961608CF6000B30592 /* StackWaitMonitor.m */,
			);
			path = "QC Base";
			sourceTree = "<group>";
		};
		71BB179D132FBD98006D5060 /* Supporting Files */ = {
			isa = PBXGroup;
			children = (
				71BB179E132FBD98006D5060 /* QC Base-Prefix.pch */,
			);
			name = "Supporting Files";
			sourceTree = "<group>";
		};
/* End PBXGroup section */

/* Begin PBXHeadersBuildPhase section */
		71BB1795132FBD98006D5060 /* Headers */ = {
			isa = PBXHeadersBuildPhase;
			buildActionMask = 2147483647;
			files = (
				71BB17EC132FBE24006D5060 /* QCControlObject.h in Headers */,
				71BB17EE132FBE24006D5060 /* QCMapper.h in Headers */,
				71BB17F0132FBE24006D5060 /* QCRequestHandler.h in Headers */,
				71BB17F2132FBE24006D5060 /* QuickConnect.h in Headers */,
				9BC9C5971608CF6000B30592 /* StackWaitMonitor.h in Headers */,
			);
			runOnlyForDeploymentPostprocessing = 0;
		};
/* End PBXHeadersBuildPhase section */

/* Begin PBXNativeTarget section */
		71BB1796132FBD98006D5060 /* QC Base */ = {
			isa = PBXNativeTarget;
			buildConfigurationList = 71BB17A1132FBD98006D5060 /* Build configuration list for PBXNativeTarget "QC Base" */;
			buildPhases = (
				71BB1793132FBD98006D5060 /* Sources */,
				71BB1794132FBD98006D5060 /* Frameworks */,
				71BB1795132FBD98006D5060 /* Headers */,
				71BB1879132FC126006D5060 /* ShellScript */,
			);
			buildRules = (
			);
			dependencies = (
			);
			name = "QC Base";
			productName = "QC Base";
			productReference = 71BB1797132FBD98006D5060 /* libQC Base.a */;
			productType = "com.apple.product-type.library.static";
		};
/* End PBXNativeTarget section */

/* Begin PBXProject section */
		71BB178E132FBD98006D5060 /* Project object */ = {
			isa = PBXProject;
			buildConfigurationList = 71BB1791132FBD98006D5060 /* Build configuration list for PBXProject "QC Base" */;
			compatibilityVersion = "Xcode 3.2";
			developmentRegion = English;
			hasScannedForEncodings = 0;
			knownRegions = (
				en,
			);
			mainGroup = 71BB178C132FBD98006D5060;
			productRefGroup = 71BB1798132FBD98006D5060 /* Products */;
			projectDirPath = "";
			projectRoot = "";
			targets = (
				71BB1796132FBD98006D5060 /* QC Base */,
			);
		};
/* End PBXProject section */

/* Begin PBXShellScriptBuildPhase section */
		71BB1879132FC126006D5060 /* ShellScript */ = {
			isa = PBXShellScriptBuildPhase;
			buildActionMask = 2147483647;
			files = (
			);
			inputPaths = (
			);
			outputPaths = (
			);
			runOnlyForDeploymentPostprocessing = 0;
			shellPath = /bin/sh;
			shellScript = "# Version 2.0 (updated for Xcode 4, with some fixes)\n# Changes:\n#    - Works with xcode 4, even when running xcode 3 projects (Workarounds for apple bugs)\n#    - Faster / better: only runs lipo once, instead of once per recursion\n#    - Added some debugging statemetns that can be switched on/off by changing the DEBUG_THIS_SCRIPT variable to \"true\"\n#    - Fixed some typos\n# \n# Purpose:\n#   Create a static library for iPhone from within XCode\n#   Because Apple staff DELIBERATELY broke Xcode to make this impossible from the GUI (Xcode 3.2.3 specifically states this in the Release notes!)\n#   ...no, I don't understand why they did this!\n#\n# Author: Adam Martin - http://twitter.com/redglassesapps\n# Based on: original script from Eonil (main changes: Eonil's script WILL NOT WORK in Xcode GUI - it WILL CRASH YOUR COMPUTER)\n#\n# More info: see this Stack Overflow question: http://stackoverflow.com/questions/3520977/build-fat-static-library-device-simulator-using-xcode-and-sdk-4\n\n#################[ Tests: helps workaround any future bugs in Xcode ]########\n#\nDEBUG_THIS_SCRIPT=\"false\"\n\nif [ $DEBUG_THIS_SCRIPT = \"true\" ]\nthen\necho \"########### TESTS #############\"\necho \"Use the following variables when debugging this script; note that they may change on recursions\"\necho \"BUILD_DIR = $BUILD_DIR\"\necho \"BUILD_ROOT = $BUILD_ROOT\"\necho \"CONFIGURATION_BUILD_DIR = $CONFIGURATION_BUILD_DIR\"\necho \"BUILT_PRODUCTS_DIR = $BUILT_PRODUCTS_DIR\"\necho \"CONFIGURATION_TEMP_DIR = $CONFIGURATION_TEMP_DIR\"\necho \"TARGET_BUILD_DIR = $TARGET_BUILD_DIR\"\nfi\n\n#####################[ part 1 ]##################\n# First, work out the BASESDK version number (NB: Apple ought to report this, but they hide it)\n#    (incidental: searching for substrings in sh is a nightmare! Sob)\n\nSDK_VERSION=$(echo ${SDK_NAME} | grep -o '.\\{3\\}$')\n\n# Next, work out if we're in SIM or DEVICE\n\nif [ ${PLATFORM_NAME} = \"iphonesimulator\" ]\nthen\nOTHER_SDK_TO_BUILD=iphoneos${SDK_VERSION}\nelse\nOTHER_SDK_TO_BUILD=iphonesimulator${SDK_VERSION}\nfi\n\necho \"XCode has selected SDK: ${PLATFORM_NAME} with version: ${SDK_VERSION} (although back-targetting: ${IPHONEOS_DEPLOYMENT_TARGET})\"\necho \"...therefore, OTHER_SDK_TO_BUILD = ${OTHER_SDK_TO_BUILD}\"\n#\n#####################[ end of part 1 ]##################\n\n#####################[ part 2 ]##################\n#\n# IF this is the original invocation, invoke WHATEVER other builds are required\n#\n# Xcode is already building ONE target...\n#\n# ...but this is a LIBRARY, so Apple is wrong to set it to build just one.\n# ...we need to build ALL targets\n# ...we MUST NOT re-build the target that is ALREADY being built: Xcode WILL CRASH YOUR COMPUTER if you try this (infinite recursion!)\n#\n#\n# So: build ONLY the missing platforms/configurations.\n\nif [ \"true\" == ${ALREADYINVOKED:-false} ]\nthen\necho \"RECURSION: I am NOT the root invocation, so I'm NOT going to recurse\"\nelse\n# CRITICAL:\n# Prevent infinite recursion (Xcode sucks)\nexport ALREADYINVOKED=\"true\"\n\necho \"RECURSION: I am the root ... recursing all missing build targets NOW...\"\necho \"RECURSION: ...about to invoke: xcodebuild -configuration \\\"${CONFIGURATION}\\\" -target \\\"${TARGET_NAME}\\\" -sdk \\\"${OTHER_SDK_TO_BUILD}\\\" ${ACTION} RUN_CLANG_STATIC_ANALYZER=NO\"\nxcodebuild -configuration \"${CONFIGURATION}\" -target \"${TARGET_NAME}\" -sdk \"${OTHER_SDK_TO_BUILD}\" ${ACTION} RUN_CLANG_STATIC_ANALYZER=NO BUILD_DIR=\"${BUILD_DIR}\" BUILD_ROOT=\"${BUILD_ROOT}\"\n\nACTION=\"build\"\n\n#Merge all platform binaries as a fat binary for each configurations.\n\n# Calculate where the (multiple) built files are coming from:\nCURRENTCONFIG_DEVICE_DIR=${SYMROOT}/${CONFIGURATION}-iphoneos\nCURRENTCONFIG_SIMULATOR_DIR=${SYMROOT}/${CONFIGURATION}-iphonesimulator\n\necho \"Taking device build from: ${CURRENTCONFIG_DEVICE_DIR}\"\necho \"Taking simulator build from: ${CURRENTCONFIG_SIMULATOR_DIR}\"\n\nCREATING_UNIVERSAL_DIR=${SYMROOT}/${CONFIGURATION}-universal\necho \"...I will output a universal build to: \"\npwd\n\n\nlipo -create -output \"qc_native.a\" \"${CURRENTCONFIG_DEVICE_DIR}/${EXECUTABLE_NAME}\" \"${CURRENTCONFIG_SIMULATOR_DIR}/${EXECUTABLE_NAME}\"\n\n#########\n#\n# Added: StackOverflow suggestion to also copy \"include\" files\n#    (untested, but should work OK)\n#\nif [ -d \"${CURRENTCONFIG_DEVICE_DIR}/usr/local/include\" ]\nthen\nmkdir -p \"${CREATING_UNIVERSAL_DIR}/usr/local/include\"\n# * needs to be outside the double quotes?\ncp \"${CURRENTCONFIG_DEVICE_DIR}/usr/local/include/\"* \"${CREATING_UNIVERSAL_DIR}/usr/local/include\"\nfi\nfi";
			showEnvVarsInLog = 0;
		};
/* End PBXShellScriptBuildPhase section */

/* Begin PBXSourcesBuildPhase section */
		71BB1793132FBD98006D5060 /* Sources */ = {
			isa = PBXSourcesBuildPhase;
			buildActionMask = 2147483647;
			files = (
				71BB17ED132FBE24006D5060 /* QCControlObject.m in Sources */,
				71BB17EF132FBE24006D5060 /* QCMapper.m in Sources */,
				71BB17F1132FBE24006D5060 /* QCRequestHandler.m in Sources */,
				71BB17F3132FBE24006D5060 /* QuickConnect.m in Sources */,
				9BC9C5981608CF6000B30592 /* StackWaitMonitor.m in Sources */,
			);
			runOnlyForDeploymentPostprocessing = 0;
		};
/* End PBXSourcesBuildPhase section */

/* Begin XCBuildConfiguration section */
		71BB179F132FBD98006D5060 /* Debug */ = {
			isa = XCBuildConfiguration;
			buildSettings = {
				ARCHS = "$(ARCHS_STANDARD_32_BIT)";
				GCC_C_LANGUAGE_STANDARD = gnu99;
				GCC_OPTIMIZATION_LEVEL = 0;
				GCC_PREPROCESSOR_DEFINITIONS = DEBUG;
				GCC_SYMBOLS_PRIVATE_EXTERN = NO;
				GCC_VERSION = com.apple.compilers.llvmgcc42;
				GCC_WARN_ABOUT_RETURN_TYPE = YES;
				GCC_WARN_UNUSED_VARIABLE = YES;
				IPHONEOS_DEPLOYMENT_TARGET = 4.3;
				SDKROOT = iphoneos;
			};
			name = Debug;
		};
		71BB17A0132FBD98006D5060 /* Release */ = {
			isa = XCBuildConfiguration;
			buildSettings = {
				ARCHS = "$(ARCHS_STANDARD_32_BIT)";
				GCC_C_LANGUAGE_STANDARD = gnu99;
				GCC_VERSION = com.apple.compilers.llvmgcc42;
				GCC_WARN_ABOUT_RETURN_TYPE = YES;
				GCC_WARN_UNUSED_VARIABLE = YES;
				IPHONEOS_DEPLOYMENT_TARGET = 4.3;
				SDKROOT = iphoneos;
			};
			name = Release;
		};
		71BB17A2132FBD98006D5060 /* Debug */ = {
			isa = XCBuildConfiguration;
			buildSettings = {
				ALWAYS_SEARCH_USER_PATHS = NO;
				CLANG_ENABLE_OBJC_ARC = YES;
				DSTROOT = /tmp/QC_Base.dst;
				GCC_PRECOMPILE_PREFIX_HEADER = YES;
				GCC_PREFIX_HEADER = "QC Base/QC Base-Prefix.pch";
				GCC_VERSION = com.apple.compilers.llvm.clang.1_0;
				LIBRARY_SEARCH_PATHS = (
					"$(inherited)",
					"\"$(SRCROOT)/QC Base\"",
				);
				OTHER_LDFLAGS = "-ObjC";
				PRODUCT_NAME = "$(TARGET_NAME)";
			};
			name = Debug;
		};
		71BB17A3132FBD98006D5060 /* Release */ = {
			isa = XCBuildConfiguration;
			buildSettings = {
				ALWAYS_SEARCH_USER_PATHS = NO;
				CLANG_ENABLE_OBJC_ARC = YES;
				DSTROOT = /tmp/QC_Base.dst;
				GCC_PRECOMPILE_PREFIX_HEADER = YES;
				GCC_PREFIX_HEADER = "QC Base/QC Base-Prefix.pch";
				GCC_VERSION = com.apple.compilers.llvm.clang.1_0;
				LIBRARY_SEARCH_PATHS = (
					"$(inherited)",
					"\"$(SRCROOT)/QC Base\"",
				);
				OTHER_LDFLAGS = "-ObjC";
				PRODUCT_NAME = "$(TARGET_NAME)";
			};
			name = Release;
		};
/* End XCBuildConfiguration section */

/* Begin XCConfigurationList section */
		71BB1791132FBD98006D5060 /* Build configuration list for PBXProject "QC Base" */ = {
			isa = XCConfigurationList;
			buildConfigurations = (
				71BB179F132FBD98006D5060 /* Debug */,
				71BB17A0132FBD98006D5060 /* Release */,
			);
			defaultConfigurationIsVisible = 0;
			defaultConfigurationName = Release;
		};
		71BB17A1132FBD98006D5060 /* Build configuration list for PBXNativeTarget "QC Base" */ = {
			isa = XCConfigurationList;
			buildConfigurations = (
				71BB17A2132FBD98006D5060 /* Debug */,
				71BB17A3132FBD98006D5060 /* Release */,
			);
			defaultConfigurationIsVisible = 0;
			defaultConfigurationName = Release;
		};
/* End XCConfigurationList section */
	};
	rootObject = 71BB178E132FBD98006D5060 /* Project object */;
}
