// !$*UTF8*$!
{
	archiveVersion = 1;
	classes = {
	};
	objectVersion = 46;
	objects = {

/* Begin PBXBuildFile section */
		9BC9C6101608E93E00B30592 /* UIKit.framework in Frameworks */ = {isa = PBXBuildFile; fileRef = 9BC9C60F1608E93E00B30592 /* UIKit.framework */; };
		9BC9C6121608E93E00B30592 /* Foundation.framework in Frameworks */ = {isa = PBXBuildFile; fileRef = 9BC9C6111608E93E00B30592 /* Foundation.framework */; };
		9BC9C6141608E93E00B30592 /* CoreGraphics.framework in Frameworks */ = {isa = PBXBuildFile; fileRef = 9BC9C6131608E93E00B30592 /* CoreGraphics.framework */; };
		9BC9C61A1608E93E00B30592 /* InfoPlist.strings in Resources */ = {isa = PBXBuildFile; fileRef = 9BC9C6181608E93E00B30592 /* InfoPlist.strings */; };
		9BC9C61C1608E93E00B30592 /* main.m in Sources */ = {isa = PBXBuildFile; fileRef = 9BC9C61B1608E93E00B30592 /* main.m */; };
		9BC9C6201608E93E00B30592 /* AppDelegate.m in Sources */ = {isa = PBXBuildFile; fileRef = 9BC9C61F1608E93E00B30592 /* AppDelegate.m */; };
		9BC9C6231608E93E00B30592 /* MainStoryboard.storyboard in Resources */ = {isa = PBXBuildFile; fileRef = 9BC9C6211608E93E00B30592 /* MainStoryboard.storyboard */; };
		9BC9C6261608E93E00B30592 /* ViewController.m in Sources */ = {isa = PBXBuildFile; fileRef = 9BC9C6251608E93E00B30592 /* ViewController.m */; };
		9BC9C6321608EA8800B30592 /* qc_native.a in Frameworks */ = {isa = PBXBuildFile; fileRef = 9BC9C6311608EA8800B30592 /* qc_native.a */; };
		9BC9C6351608EDA600B30592 /* WebLoadListener.m in Sources */ = {isa = PBXBuildFile; fileRef = 9BC9C6341608EDA600B30592 /* WebLoadListener.m */; };
		9BC9C6371608EED900B30592 /* big-smiley-006.gif in Resources */ = {isa = PBXBuildFile; fileRef = 9BC9C6361608EED900B30592 /* big-smiley-006.gif */; };
		9BC9C6391608EEE100B30592 /* big-smiley-002.gif in Resources */ = {isa = PBXBuildFile; fileRef = 9BC9C6381608EEE100B30592 /* big-smiley-002.gif */; };
		9BF6080B16090FF50019143D /* CheckUrlValCO.m in Sources */ = {isa = PBXBuildFile; fileRef = 9BF6080A16090FF50019143D /* CheckUrlValCO.m */; };
		9BF6080E160911820019143D /* GetPageDCO.m in Sources */ = {isa = PBXBuildFile; fileRef = 9BF6080D160911820019143D /* GetPageDCO.m */; };
/* End PBXBuildFile section */

/* Begin PBXFileReference section */
		9BC9C60B1608E93E00B30592 /* QC_WAIT Example.app */ = {isa = PBXFileReference; explicitFileType = wrapper.application; includeInIndex = 0; path = "QC_WAIT Example.app"; sourceTree = BUILT_PRODUCTS_DIR; };
		9BC9C60F1608E93E00B30592 /* UIKit.framework */ = {isa = PBXFileReference; lastKnownFileType = wrapper.framework; name = UIKit.framework; path = System/Library/Frameworks/UIKit.framework; sourceTree = SDKROOT; };
		9BC9C6111608E93E00B30592 /* Foundation.framework */ = {isa = PBXFileReference; lastKnownFileType = wrapper.framework; name = Foundation.framework; path = System/Library/Frameworks/Foundation.framework; sourceTree = SDKROOT; };
		9BC9C6131608E93E00B30592 /* CoreGraphics.framework */ = {isa = PBXFileReference; lastKnownFileType = wrapper.framework; name = CoreGraphics.framework; path = System/Library/Frameworks/CoreGraphics.framework; sourceTree = SDKROOT; };
		9BC9C6171608E93E00B30592 /* QC_WAIT Example-Info.plist */ = {isa = PBXFileReference; lastKnownFileType = text.plist.xml; path = "QC_WAIT Example-Info.plist"; sourceTree = "<group>"; };
		9BC9C6191608E93E00B30592 /* en */ = {isa = PBXFileReference; lastKnownFileType = text.plist.strings; name = en; path = en.lproj/InfoPlist.strings; sourceTree = "<group>"; };
		9BC9C61B1608E93E00B30592 /* main.m */ = {isa = PBXFileReference; lastKnownFileType = sourcecode.c.objc; path = main.m; sourceTree = "<group>"; };
		9BC9C61D1608E93E00B30592 /* QC_WAIT Example-Prefix.pch */ = {isa = PBXFileReference; lastKnownFileType = sourcecode.c.h; path = "QC_WAIT Example-Prefix.pch"; sourceTree = "<group>"; };
		9BC9C61E1608E93E00B30592 /* AppDelegate.h */ = {isa = PBXFileReference; lastKnownFileType = sourcecode.c.h; path = AppDelegate.h; sourceTree = "<group>"; };
		9BC9C61F1608E93E00B30592 /* AppDelegate.m */ = {isa = PBXFileReference; lastKnownFileType = sourcecode.c.objc; path = AppDelegate.m; sourceTree = "<group>"; };
		9BC9C6221608E93E00B30592 /* en */ = {isa = PBXFileReference; lastKnownFileType = file.storyboard; name = en; path = en.lproj/MainStoryboard.storyboard; sourceTree = "<group>"; };
		9BC9C6241608E93E00B30592 /* ViewController.h */ = {isa = PBXFileReference; lastKnownFileType = sourcecode.c.h; path = ViewController.h; sourceTree = "<group>"; };
		9BC9C6251608E93E00B30592 /* ViewController.m */ = {isa = PBXFileReference; lastKnownFileType = sourcecode.c.objc; path = ViewController.m; sourceTree = "<group>"; };
		9BC9C62C1608EA7C00B30592 /* QCControlObject.h */ = {isa = PBXFileReference; lastKnownFileType = sourcecode.c.h; path = QCControlObject.h; sourceTree = "<group>"; };
		9BC9C62D1608EA7C00B30592 /* QCMapper.h */ = {isa = PBXFileReference; lastKnownFileType = sourcecode.c.h; path = QCMapper.h; sourceTree = "<group>"; };
		9BC9C62E1608EA7C00B30592 /* QCRequestHandler.h */ = {isa = PBXFileReference; lastKnownFileType = sourcecode.c.h; path = QCRequestHandler.h; sourceTree = "<group>"; };
		9BC9C62F1608EA7C00B30592 /* QCReturnValues.h */ = {isa = PBXFileReference; lastKnownFileType = sourcecode.c.h; path = QCReturnValues.h; sourceTree = "<group>"; };
		9BC9C6301608EA7C00B30592 /* QuickConnect.h */ = {isa = PBXFileReference; lastKnownFileType = sourcecode.c.h; path = QuickConnect.h; sourceTree = "<group>"; };
		9BC9C6311608EA8800B30592 /* qc_native.a */ = {isa = PBXFileReference; lastKnownFileType = archive.ar; path = qc_native.a; sourceTree = "<group>"; };
		9BC9C6331608EDA600B30592 /* WebLoadListener.h */ = {isa = PBXFileReference; fileEncoding = 4; lastKnownFileType = sourcecode.c.h; path = WebLoadListener.h; sourceTree = "<group>"; };
		9BC9C6341608EDA600B30592 /* WebLoadListener.m */ = {isa = PBXFileReference; fileEncoding = 4; lastKnownFileType = sourcecode.c.objc; path = WebLoadListener.m; sourceTree = "<group>"; };
		9BC9C6361608EED900B30592 /* big-smiley-006.gif */ = {isa = PBXFileReference; lastKnownFileType = image.gif; path = "big-smiley-006.gif"; sourceTree = "<group>"; };
		9BC9C6381608EEE100B30592 /* big-smiley-002.gif */ = {isa = PBXFileReference; lastKnownFileType = image.gif; path = "big-smiley-002.gif"; sourceTree = "<group>"; };
		9BF6080916090FF50019143D /* CheckUrlValCO.h */ = {isa = PBXFileReference; fileEncoding = 4; lastKnownFileType = sourcecode.c.h; path = CheckUrlValCO.h; sourceTree = "<group>"; };
		9BF6080A16090FF50019143D /* CheckUrlValCO.m */ = {isa = PBXFileReference; fileEncoding = 4; lastKnownFileType = sourcecode.c.objc; path = CheckUrlValCO.m; sourceTree = "<group>"; };
		9BF6080C160911820019143D /* GetPageDCO.h */ = {isa = PBXFileReference; fileEncoding = 4; lastKnownFileType = sourcecode.c.h; path = GetPageDCO.h; sourceTree = "<group>"; };
		9BF6080D160911820019143D /* GetPageDCO.m */ = {isa = PBXFileReference; fileEncoding = 4; lastKnownFileType = sourcecode.c.objc; path = GetPageDCO.m; sourceTree = "<group>"; };
/* End PBXFileReference section */

/* Begin PBXFrameworksBuildPhase section */
		9BC9C6081608E93E00B30592 /* Frameworks */ = {
			isa = PBXFrameworksBuildPhase;
			buildActionMask = 2147483647;
			files = (
				9BC9C6101608E93E00B30592 /* UIKit.framework in Frameworks */,
				9BC9C6121608E93E00B30592 /* Foundation.framework in Frameworks */,
				9BC9C6141608E93E00B30592 /* CoreGraphics.framework in Frameworks */,
				9BC9C6321608EA8800B30592 /* qc_native.a in Frameworks */,
			);
			runOnlyForDeploymentPostprocessing = 0;
		};
/* End PBXFrameworksBuildPhase section */

/* Begin PBXGroup section */
		9BC9C6001608E93E00B30592 = {
			isa = PBXGroup;
			children = (
				9BC9C6151608E93E00B30592 /* QC_WAIT Example */,
				9BC9C60E1608E93E00B30592 /* Frameworks */,
				9BC9C60C1608E93E00B30592 /* Products */,
			);
			sourceTree = "<group>";
		};
		9BC9C60C1608E93E00B30592 /* Products */ = {
			isa = PBXGroup;
			children = (
				9BC9C60B1608E93E00B30592 /* QC_WAIT Example.app */,
			);
			name = Products;
			sourceTree = "<group>";
		};
		9BC9C60E1608E93E00B30592 /* Frameworks */ = {
			isa = PBXGroup;
			children = (
				9BC9C60F1608E93E00B30592 /* UIKit.framework */,
				9BC9C6111608E93E00B30592 /* Foundation.framework */,
				9BC9C6131608E93E00B30592 /* CoreGraphics.framework */,
			);
			name = Frameworks;
			sourceTree = "<group>";
		};
		9BC9C6151608E93E00B30592 /* QC_WAIT Example */ = {
			isa = PBXGroup;
			children = (
				9BF6080716090FCD0019143D /* Control Objects */,
				9BC9C61E1608E93E00B30592 /* AppDelegate.h */,
				9BC9C61F1608E93E00B30592 /* AppDelegate.m */,
				9BC9C6211608E93E00B30592 /* MainStoryboard.storyboard */,
				9BC9C6241608E93E00B30592 /* ViewController.h */,
				9BC9C6251608E93E00B30592 /* ViewController.m */,
				9BC9C6331608EDA600B30592 /* WebLoadListener.h */,
				9BC9C6341608EDA600B30592 /* WebLoadListener.m */,
				9BC9C6361608EED900B30592 /* big-smiley-006.gif */,
				9BC9C6381608EEE100B30592 /* big-smiley-002.gif */,
				9BC9C6161608E93E00B30592 /* Supporting Files */,
			);
			path = "QC_WAIT Example";
			sourceTree = "<group>";
		};
		9BC9C6161608E93E00B30592 /* Supporting Files */ = {
			isa = PBXGroup;
			children = (
				9BC9C6311608EA8800B30592 /* qc_native.a */,
				9BC9C62C1608EA7C00B30592 /* QCControlObject.h */,
				9BC9C62D1608EA7C00B30592 /* QCMapper.h */,
				9BC9C62E1608EA7C00B30592 /* QCRequestHandler.h */,
				9BC9C62F1608EA7C00B30592 /* QCReturnValues.h */,
				9BC9C6301608EA7C00B30592 /* QuickConnect.h */,
				9BC9C6171608E93E00B30592 /* QC_WAIT Example-Info.plist */,
				9BC9C6181608E93E00B30592 /* InfoPlist.strings */,
				9BC9C61B1608E93E00B30592 /* main.m */,
				9BC9C61D1608E93E00B30592 /* QC_WAIT Example-Prefix.pch */,
			);
			name = "Supporting Files";
			sourceTree = "<group>";
		};
		9BF6080716090FCD0019143D /* Control Objects */ = {
			isa = PBXGroup;
			children = (
				9BF6080916090FF50019143D /* CheckUrlValCO.h */,
				9BF6080A16090FF50019143D /* CheckUrlValCO.m */,
				9BF6080C160911820019143D /* GetPageDCO.h */,
				9BF6080D160911820019143D /* GetPageDCO.m */,
			);
			name = "Control Objects";
			sourceTree = "<group>";
		};
/* End PBXGroup section */

/* Begin PBXNativeTarget section */
		9BC9C60A1608E93E00B30592 /* QC_WAIT Example */ = {
			isa = PBXNativeTarget;
			buildConfigurationList = 9BC9C6291608E93E00B30592 /* Build configuration list for PBXNativeTarget "QC_WAIT Example" */;
			buildPhases = (
				9BC9C6071608E93E00B30592 /* Sources */,
				9BC9C6081608E93E00B30592 /* Frameworks */,
				9BC9C6091608E93E00B30592 /* Resources */,
			);
			buildRules = (
			);
			dependencies = (
			);
			name = "QC_WAIT Example";
			productName = "QC_WAIT Example";
			productReference = 9BC9C60B1608E93E00B30592 /* QC_WAIT Example.app */;
			productType = "com.apple.product-type.application";
		};
/* End PBXNativeTarget section */

/* Begin PBXProject section */
		9BC9C6021608E93E00B30592 /* Project object */ = {
			isa = PBXProject;
			attributes = {
				LastUpgradeCheck = 0440;
				ORGANIZATIONNAME = "Lee Barney";
			};
			buildConfigurationList = 9BC9C6051608E93E00B30592 /* Build configuration list for PBXProject "QC_WAIT Example" */;
			compatibilityVersion = "Xcode 3.2";
			developmentRegion = English;
			hasScannedForEncodings = 0;
			knownRegions = (
				en,
			);
			mainGroup = 9BC9C6001608E93E00B30592;
			productRefGroup = 9BC9C60C1608E93E00B30592 /* Products */;
			projectDirPath = "";
			projectRoot = "";
			targets = (
				9BC9C60A1608E93E00B30592 /* QC_WAIT Example */,
			);
		};
/* End PBXProject section */

/* Begin PBXResourcesBuildPhase section */
		9BC9C6091608E93E00B30592 /* Resources */ = {
			isa = PBXResourcesBuildPhase;
			buildActionMask = 2147483647;
			files = (
				9BC9C61A1608E93E00B30592 /* InfoPlist.strings in Resources */,
				9BC9C6231608E93E00B30592 /* MainStoryboard.storyboard in Resources */,
				9BC9C6371608EED900B30592 /* big-smiley-006.gif in Resources */,
				9BC9C6391608EEE100B30592 /* big-smiley-002.gif in Resources */,
			);
			runOnlyForDeploymentPostprocessing = 0;
		};
/* End PBXResourcesBuildPhase section */

/* Begin PBXSourcesBuildPhase section */
		9BC9C6071608E93E00B30592 /* Sources */ = {
			isa = PBXSourcesBuildPhase;
			buildActionMask = 2147483647;
			files = (
				9BC9C61C1608E93E00B30592 /* main.m in Sources */,
				9BC9C6201608E93E00B30592 /* AppDelegate.m in Sources */,
				9BC9C6261608E93E00B30592 /* ViewController.m in Sources */,
				9BC9C6351608EDA600B30592 /* WebLoadListener.m in Sources */,
				9BF6080B16090FF50019143D /* CheckUrlValCO.m in Sources */,
				9BF6080E160911820019143D /* GetPageDCO.m in Sources */,
			);
			runOnlyForDeploymentPostprocessing = 0;
		};
/* End PBXSourcesBuildPhase section */

/* Begin PBXVariantGroup section */
		9BC9C6181608E93E00B30592 /* InfoPlist.strings */ = {
			isa = PBXVariantGroup;
			children = (
				9BC9C6191608E93E00B30592 /* en */,
			);
			name = InfoPlist.strings;
			sourceTree = "<group>";
		};
		9BC9C6211608E93E00B30592 /* MainStoryboard.storyboard */ = {
			isa = PBXVariantGroup;
			children = (
				9BC9C6221608E93E00B30592 /* en */,
			);
			name = MainStoryboard.storyboard;
			sourceTree = "<group>";
		};
/* End PBXVariantGroup section */

/* Begin XCBuildConfiguration section */
		9BC9C6271608E93E00B30592 /* Debug */ = {
			isa = XCBuildConfiguration;
			buildSettings = {
				ALWAYS_SEARCH_USER_PATHS = NO;
				ARCHS = "$(ARCHS_STANDARD_32_BIT)";
				CLANG_CXX_LANGUAGE_STANDARD = "gnu++0x";
				CLANG_ENABLE_OBJC_ARC = YES;
				CLANG_WARN__DUPLICATE_METHOD_MATCH = YES;
				"CODE_SIGN_IDENTITY[sdk=iphoneos*]" = "iPhone Developer";
				COPY_PHASE_STRIP = NO;
				GCC_C_LANGUAGE_STANDARD = gnu99;
				GCC_DYNAMIC_NO_PIC = NO;
				GCC_OPTIMIZATION_LEVEL = 0;
				GCC_PREPROCESSOR_DEFINITIONS = (
					"DEBUG=1",
					"$(inherited)",
				);
				GCC_SYMBOLS_PRIVATE_EXTERN = NO;
				GCC_VERSION = com.apple.compilers.llvm.clang.1_0;
				GCC_WARN_ABOUT_RETURN_TYPE = YES;
				GCC_WARN_UNINITIALIZED_AUTOS = YES;
				GCC_WARN_UNUSED_VARIABLE = YES;
				IPHONEOS_DEPLOYMENT_TARGET = 5.1;
				SDKROOT = iphoneos;
			};
			name = Debug;
		};
		9BC9C6281608E93E00B30592 /* Release */ = {
			isa = XCBuildConfiguration;
			buildSettings = {
				ALWAYS_SEARCH_USER_PATHS = NO;
				ARCHS = "$(ARCHS_STANDARD_32_BIT)";
				CLANG_CXX_LANGUAGE_STANDARD = "gnu++0x";
				CLANG_ENABLE_OBJC_ARC = YES;
				CLANG_WARN__DUPLICATE_METHOD_MATCH = YES;
				"CODE_SIGN_IDENTITY[sdk=iphoneos*]" = "iPhone Developer";
				COPY_PHASE_STRIP = YES;
				GCC_C_LANGUAGE_STANDARD = gnu99;
				GCC_VERSION = com.apple.compilers.llvm.clang.1_0;
				GCC_WARN_ABOUT_RETURN_TYPE = YES;
				GCC_WARN_UNINITIALIZED_AUTOS = YES;
				GCC_WARN_UNUSED_VARIABLE = YES;
				IPHONEOS_DEPLOYMENT_TARGET = 5.1;
				OTHER_CFLAGS = "-DNS_BLOCK_ASSERTIONS=1";
				SDKROOT = iphoneos;
				VALIDATE_PRODUCT = YES;
			};
			name = Release;
		};
		9BC9C62A1608E93E00B30592 /* Debug */ = {
			isa = XCBuildConfiguration;
			buildSettings = {
				GCC_PRECOMPILE_PREFIX_HEADER = YES;
				GCC_PREFIX_HEADER = "QC_WAIT Example/QC_WAIT Example-Prefix.pch";
				INFOPLIST_FILE = "QC_WAIT Example/QC_WAIT Example-Info.plist";
				LIBRARY_SEARCH_PATHS = (
					"$(inherited)",
					"\"$(SRCROOT)/QC_WAIT Example\"",
				);
				PRODUCT_NAME = "$(TARGET_NAME)";
				WRAPPER_EXTENSION = app;
			};
			name = Debug;
		};
		9BC9C62B1608E93E00B30592 /* Release */ = {
			isa = XCBuildConfiguration;
			buildSettings = {
				GCC_PRECOMPILE_PREFIX_HEADER = YES;
				GCC_PREFIX_HEADER = "QC_WAIT Example/QC_WAIT Example-Prefix.pch";
				INFOPLIST_FILE = "QC_WAIT Example/QC_WAIT Example-Info.plist";
				LIBRARY_SEARCH_PATHS = (
					"$(inherited)",
					"\"$(SRCROOT)/QC_WAIT Example\"",
				);
				PRODUCT_NAME = "$(TARGET_NAME)";
				WRAPPER_EXTENSION = app;
			};
			name = Release;
		};
/* End XCBuildConfiguration section */

/* Begin XCConfigurationList section */
		9BC9C6051608E93E00B30592 /* Build configuration list for PBXProject "QC_WAIT Example" */ = {
			isa = XCConfigurationList;
			buildConfigurations = (
				9BC9C6271608E93E00B30592 /* Debug */,
				9BC9C6281608E93E00B30592 /* Release */,
			);
			defaultConfigurationIsVisible = 0;
			defaultConfigurationName = Release;
		};
		9BC9C6291608E93E00B30592 /* Build configuration list for PBXNativeTarget "QC_WAIT Example" */ = {
			isa = XCConfigurationList;
			buildConfigurations = (
				9BC9C62A1608E93E00B30592 /* Debug */,
				9BC9C62B1608E93E00B30592 /* Release */,
			);
			defaultConfigurationIsVisible = 0;
			defaultConfigurationName = Release;
		};
/* End XCConfigurationList section */
	};
	rootObject = 9BC9C6021608E93E00B30592 /* Project object */;
}
